Microsoft Visual Studio Solution File, Format Version 11.00
# Visual Studio 2008

Project("{98B03D79-57E6-09A3-D44F-7A236CD1AE98}") = "Pollo-Roller", "Assembly-CSharp.csproj", "{442125D2-C987-8215-6E69-0CF32420AA63}"
EndProject
Global
	GlobalSection(SolutionConfigurationPlatforms) = preSolution
		Debug|Any CPU = Debug|Any CPU
		Release|Any CPU = Release|Any CPU
	EndGlobalSection
	GlobalSection(ProjectConfigurationPlatforms) = postSolution
		{442125D2-C987-8215-6E69-0CF32420AA63}.Debug|Any CPU.ActiveCfg = Debug|Any CPU
		{442125D2-C987-8215-6E69-0CF32420AA63}.Debug|Any CPU.Build.0 = Debug|Any CPU
		{442125D2-C987-8215-6E69-0CF32420AA63}.Release|Any CPU.ActiveCfg = Release|Any CPU
		{442125D2-C987-8215-6E69-0CF32420AA63}.Release|Any CPU.Build.0 = Release|Any CPU
	EndGlobalSection
	GlobalSection(SolutionProperties) = preSolution
		HideSolutionNode = FALSE
	EndGlobalSection
																																																																																																																																																																																																																										GlobalSection(MonoDevelopProperties) = preSolution
		StartupItem = Assembly-CSharp.csproj
		Policies = $0
		$0.TextStylePolicy = $1
		$1.inheritsSet = null
		$1.scope = text/x-csharp
		$0.CSharpFormattingPolicy = $2
		$2.inheritsSet = Mono
		$2.inheritsScope = text/x-csharp
		$2.scope = text/x-csharp
		$0.TextStylePolicy = $3
		$3.FileWidth = 120
		$3.TabWidth = 4
		$3.IndentWidth = 4
		$3.EolMarker = Unix
		$3.inheritsSet = Mono
		$3.inheritsScope = text/plain
		$3.scope = text/plain
	EndGlobalSection

EndGlobal
